
Microsoft Visual Studio Solution File, Format Version 12.00
Project("{FAE04EC0-301F-11D3-BF4B-00C04F79EFBC}") = "PereViader.Utils.Unity3d.CodeGen.Generators", "PereViader.Utils.Unity3d.CodeGen.Generators\PereViader.Utils.Unity3d.CodeGen.Generators.csproj", "{0A4E86C7-17B1-4017-A939-60327EE9B05C}"
EndProject
Project("{FAE04EC0-301F-11D3-BF4B-00C04F79EFBC}") = "PereViader.Utils.Unity3d.CodeGen.Runtime", "PereViader.Utils.Unity3d.CodeGen.Runtime\PereViader.Utils.Unity3d.CodeGen.Runtime.csproj", "{2EB4433F-5C91-4D29-B674-6B9A68F11CCE}"
EndProject
Project("{FAE04EC0-301F-11D3-BF4B-00C04F79EFBC}") = "PereViader.Utils.Unity3d.CodeGen.Test", "PereViader.Utils.Unity3d.CodeGen.Test\PereViader.Utils.Unity3d.CodeGen.Test.csproj", "{2CD16EA4-8AD4-4AA7-947B-F7E0F407A03D}"
EndProject
Global
	GlobalSection(SolutionConfigurationPlatforms) = preSolution
		Debug|Any CPU = Debug|Any CPU
		Release|Any CPU = Release|Any CPU
	EndGlobalSection
	GlobalSection(ProjectConfigurationPlatforms) = postSolution
		{0A4E86C7-17B1-4017-A939-60327EE9B05C}.Debug|Any CPU.ActiveCfg = Debug|Any CPU
		{0A4E86C7-17B1-4017-A939-60327EE9B05C}.Debug|Any CPU.Build.0 = Debug|Any CPU
		{0A4E86C7-17B1-4017-A939-60327EE9B05C}.Release|Any CPU.ActiveCfg = Release|Any CPU
		{0A4E86C7-17B1-4017-A939-60327EE9B05C}.Release|Any CPU.Build.0 = Release|Any CPU
		{2EB4433F-5C91-4D29-B674-6B9A68F11CCE}.Debug|Any CPU.ActiveCfg = Debug|Any CPU
		{2EB4433F-5C91-4D29-B674-6B9A68F11CCE}.Debug|Any CPU.Build.0 = Debug|Any CPU
		{2EB4433F-5C91-4D29-B674-6B9A68F11CCE}.Release|Any CPU.ActiveCfg = Release|Any CPU
		{2EB4433F-5C91-4D29-B674-6B9A68F11CCE}.Release|Any CPU.Build.0 = Release|Any CPU
		{2CD16EA4-8AD4-4AA7-947B-F7E0F407A03D}.Debug|Any CPU.ActiveCfg = Debug|Any CPU
		{2CD16EA4-8AD4-4AA7-947B-F7E0F407A03D}.Debug|Any CPU.Build.0 = Debug|Any CPU
		{2CD16EA4-8AD4-4AA7-947B-F7E0F407A03D}.Release|Any CPU.ActiveCfg = Release|Any CPU
		{2CD16EA4-8AD4-4AA7-947B-F7E0F407A03D}.Release|Any CPU.Build.0 = Release|Any CPU
	EndGlobalSection
EndGlobal
